// !$*UTF8*$!
{
	archiveVersion = 1;
	classes = {
	};
	objectVersion = 77;
	objects = {

/* Begin PBXBuildFile section */
		011791246714E964BB8E66C0 /* StatsViewModel.swift in Sources */ = {isa = PBXBuildFile; fileRef = A3952E51646B3A9B7E034B44 /* StatsViewModel.swift */; };
		01D56896EB7371A0EF3F5E05 /* WalkableWatch.app in Embed Watch Content */ = {isa = PBXBuildFile; fileRef = 8855CF19B5A514FC074BB5F7 /* WalkableWatch.app */; settings = {ATTRIBUTES = (RemoveHeadersOnCopy, ); }; };
		0839B8E7B7EC64506E62D166 /* PolylineSplitterTests.swift in Sources */ = {isa = PBXBuildFile; fileRef = 6765B12731821E706EA6FBEC /* PolylineSplitterTests.swift */; };
		09541AEE08342CF4928ADE53 /* TemplateModeOverlay.swift in Sources */ = {isa = PBXBuildFile; fileRef = FE89E09A4281BDD8AACC4159 /* TemplateModeOverlay.swift */; };
		170ABD1DACA88670BD6C90EE /* WalkSummaryView.swift in Sources */ = {isa = PBXBuildFile; fileRef = F19610F12212010842919D16 /* WalkSummaryView.swift */; };
		195959BDA7C345D4BDD1A1CD /* WatchWalkViewModel.swift in Sources */ = {isa = PBXBuildFile; fileRef = 9A2DD36DF427DED9A72E1EB5 /* WatchWalkViewModel.swift */; };
		2270E1523F109D5066BF7B53 /* RouteMapOverlay.swift in Sources */ = {isa = PBXBuildFile; fileRef = ADF1EB7F201E4B7BD61D4985 /* RouteMapOverlay.swift */; };
		28BB752BBD3F772F5D15FC02 /* WatchRouteDetailView.swift in Sources */ = {isa = PBXBuildFile; fileRef = 81BC1E519A2654DE467F8FDE /* WatchRouteDetailView.swift */; };
		354F616FC4FAD1FDE8A1023B /* FormatUtilsTests.swift in Sources */ = {isa = PBXBuildFile; fileRef = A9A5ABBA0A32C3DE84D9F5BE /* FormatUtilsTests.swift */; };
		380C6C213E16B7B0DDED251B /* WalkableLiveActivity.swift in Sources */ = {isa = PBXBuildFile; fileRef = 5DB7618EACDEED770EA1628E /* WalkableLiveActivity.swift */; };
		3D83AD6B01BFAE9364B5AFD8 /* WalkTabView.swift in Sources */ = {isa = PBXBuildFile; fileRef = 57F061AAADC8839C2E49EE10 /* WalkTabView.swift */; };
		40EF31F52821985C3477936C /* ActiveWalkView.swift in Sources */ = {isa = PBXBuildFile; fileRef = 3DE952FDFB9CA2FC0DBA3903 /* ActiveWalkView.swift */; };
		4E4175BD3A88A55593C6C39B /* WalkableWatchApp.swift in Sources */ = {isa = PBXBuildFile; fileRef = 7D54965837D4623422C8EE3E /* WalkableWatchApp.swift */; };
		4F472613137C101BA8EE8D2F /* Assets.xcassets in Resources */ = {isa = PBXBuildFile; fileRef = AD313A8FC4462C7EDE3E0AD4 /* Assets.xcassets */; };
		52DBB50296540319AFE3ABE6 /* GlassButton.swift in Sources */ = {isa = PBXBuildFile; fileRef = 06955A99B18F0995ED28EAA4 /* GlassButton.swift */; };
		544A9359D87948DFFF580080 /* StatCardView.swift in Sources */ = {isa = PBXBuildFile; fileRef = 2987AC77B66DB1195F140EA5 /* StatCardView.swift */; };
		54D5A3D95030A148498D293F /* PaceTrendChart.swift in Sources */ = {isa = PBXBuildFile; fileRef = DB9C7705FA9827427AC0DCB1 /* PaceTrendChart.swift */; };
		55AB96BC7D959B5C67430B60 /* DrawModeOverlay.swift in Sources */ = {isa = PBXBuildFile; fileRef = C6AA5849D96973C9AD6788D2 /* DrawModeOverlay.swift */; };
		5994E70C1CC052FB526BA8B0 /* RouteListView.swift in Sources */ = {isa = PBXBuildFile; fileRef = 44DBE628CD2816AF0CC6C0E3 /* RouteListView.swift */; };
		5A2BF64531334790D7605761 /* SettingsView.swift in Sources */ = {isa = PBXBuildFile; fileRef = D7E63BD57723A20BFF593454 /* SettingsView.swift */; };
		5B28C2E1924A20CF706345EE /* WatchRouteListViewModel.swift in Sources */ = {isa = PBXBuildFile; fileRef = 6FE0975B78BD16789EBECAD7 /* WatchRouteListViewModel.swift */; };
		5C960F1C0B0A90FACFC36CB1 /* LibraryUITests.swift in Sources */ = {isa = PBXBuildFile; fileRef = 95EBB6A4E8D743C84A1A3EE4 /* LibraryUITests.swift */; };
		5F0E584E87636F6B3F0E46E1 /* WaypointArrivalCard.swift in Sources */ = {isa = PBXBuildFile; fileRef = 2473363F5C159BB97A60F8BE /* WaypointArrivalCard.swift */; };
		6167C81B7128737C4BD52983 /* ActiveWalkViewModel.swift in Sources */ = {isa = PBXBuildFile; fileRef = 2E35D80372841BFF77ADE9BA /* ActiveWalkViewModel.swift */; };
		67E7CC5BE31B58EAE6DB3F9F /* LibraryViewModel.swift in Sources */ = {isa = PBXBuildFile; fileRef = 785B5C345A8361B05AF07A23 /* LibraryViewModel.swift */; };
		6822EECB273BD85FCE7BF3BB /* MapStylePreference.swift in Sources */ = {isa = PBXBuildFile; fileRef = 0A652311E9D004C70AA4B541 /* MapStylePreference.swift */; };
		6C0D38EBBAD1D1E14D3CD667 /* TemplateGeneratorTests.swift in Sources */ = {isa = PBXBuildFile; fileRef = 0C02D137ACE6ED0D2CF2BC24 /* TemplateGeneratorTests.swift */; };
		6C894D64C962FB2CE8ADB87B /* PathSimplifierTests.swift in Sources */ = {isa = PBXBuildFile; fileRef = 416C78792D66DFAECF79F7AE /* PathSimplifierTests.swift */; };
		6E0401483C3C5BE0369B6DB4 /* CreateRouteViewModel.swift in Sources */ = {isa = PBXBuildFile; fileRef = E901C4614536C17E35B73CB1 /* CreateRouteViewModel.swift */; };
		70EAEA4A912BD094E28BE123 /* Haptics.swift in Sources */ = {isa = PBXBuildFile; fileRef = B6A51C3C02B3BA119213CAA1 /* Haptics.swift */; };
		76FF5497A92BB432FCA9ACD4 /* StatsUITests.swift in Sources */ = {isa = PBXBuildFile; fileRef = D59ED20DEE31A8F577687C4B /* StatsUITests.swift */; };
		789071D67D46C4AE7996E31A /* RouteCardView.swift in Sources */ = {isa = PBXBuildFile; fileRef = 9F9C0771AA622AAF1E7D6CA3 /* RouteCardView.swift */; };
		7B7B351861A6DDCC3BB96658 /* WalkableWidgets.appex in Embed Foundation Extensions */ = {isa = PBXBuildFile; fileRef = 5515782EF765667BB5836D12 /* WalkableWidgets.appex */; settings = {ATTRIBUTES = (RemoveHeadersOnCopy, ); }; };
		8189B2B4D2149DE73BC178CA /* RoutingServiceTests.swift in Sources */ = {isa = PBXBuildFile; fileRef = 30B818683D809F25E0BCBF4C /* RoutingServiceTests.swift */; };
		8E28EA1F1188392F072F34B7 /* SaveRouteSheet.swift in Sources */ = {isa = PBXBuildFile; fileRef = 4555554BF8D7071BD426467B /* SaveRouteSheet.swift */; };
		97E089ADC3CA8981385F63E7 /* ContentView.swift in Sources */ = {isa = PBXBuildFile; fileRef = 307090577F05AA73E61C1159 /* ContentView.swift */; };
		9911EB08CC790DFD9330FE0E /* WalkableApp.swift in Sources */ = {isa = PBXBuildFile; fileRef = 856C3414EF05FE64556D6E09 /* WalkableApp.swift */; };
		99BC7ABFCFBF0765A3F8D7CD /* LibraryView.swift in Sources */ = {isa = PBXBuildFile; fileRef = 16FE9645613CC23B11F2232C /* LibraryView.swift */; };
		9AE7B3E204D6E6DAB46E602A /* WalkableKit in Frameworks */ = {isa = PBXBuildFile; productRef = FFB113B25AAE0C99856458A5 /* WalkableKit */; };
		9B71571B0C080603A2CF3097 /* WalkableKit in Frameworks */ = {isa = PBXBuildFile; productRef = 64DAB2236C6F897B31E25AAD /* WalkableKit */; };
		A039DE54EC3CF6A5646C55A7 /* WalkableWidgetsBundle.swift in Sources */ = {isa = PBXBuildFile; fileRef = 65910331A837344A3DF7308C /* WalkableWidgetsBundle.swift */; };
		A547BBF79642102F9C408EC3 /* RouteDetailSheet.swift in Sources */ = {isa = PBXBuildFile; fileRef = DD25E2B689A23CD64502A618 /* RouteDetailSheet.swift */; };
		A78FD7D07368940E740865B6 /* GPXServiceTests.swift in Sources */ = {isa = PBXBuildFile; fileRef = FB349395ABCD722A2D201C69 /* GPXServiceTests.swift */; };
		B854C09C21F548C1E1FCEE2F /* WalkableUITests.swift in Sources */ = {isa = PBXBuildFile; fileRef = 151B33648D4EBA203CF68828 /* WalkableUITests.swift */; };
		C8BB583820C6BC7EAC3CA291 /* DrawingCanvas.swift in Sources */ = {isa = PBXBuildFile; fileRef = C1358DBC5A6ABF9406C09C11 /* DrawingCanvas.swift */; };
		D4A93ABF11B70E3BE0C210C5 /* PinModeOverlay.swift in Sources */ = {isa = PBXBuildFile; fileRef = 0CC07428EAB927C5ADA70A0E /* PinModeOverlay.swift */; };
		D4B02D6BE552C1BA025CA183 /* WatchMapView.swift in Sources */ = {isa = PBXBuildFile; fileRef = E9D00E57C3DC5BC436ED09A3 /* WatchMapView.swift */; };
		D616989BE078C5766CF63C77 /* GlassCard.swift in Sources */ = {isa = PBXBuildFile; fileRef = F5E6D32D966038AD56757CC3 /* GlassCard.swift */; };
		D88854C8D9E184DF6130F5BC /* SessionDetailSheet.swift in Sources */ = {isa = PBXBuildFile; fileRef = 4396FA147406FD118CC8FB34 /* SessionDetailSheet.swift */; };
		DFD4AD43C721552B55887680 /* CompassView.swift in Sources */ = {isa = PBXBuildFile; fileRef = B44C75758EF0C7AC84CE39E7 /* CompassView.swift */; };
		E086D9084CED6FEAD8BA6007 /* GPXFile.swift in Sources */ = {isa = PBXBuildFile; fileRef = 08131679F170C969DC955433 /* GPXFile.swift */; };
		E18CA83E688E65632699C5F5 /* NowPlayingView.swift in Sources */ = {isa = PBXBuildFile; fileRef = E8EDD0A140E15FF36623E578 /* NowPlayingView.swift */; };
		EAD4E9C3BF1A7C008548127C /* AllSessionsView.swift in Sources */ = {isa = PBXBuildFile; fileRef = BE6CB550C19F915950640DF4 /* AllSessionsView.swift */; };
		ED7C3597B9433D441B5FF1B8 /* WalkStatsBar.swift in Sources */ = {isa = PBXBuildFile; fileRef = C8CEF479EC71EEEE1696F797 /* WalkStatsBar.swift */; };
		EE565D9D0866BEC3F24C75D3 /* RouteLeaderboard.swift in Sources */ = {isa = PBXBuildFile; fileRef = 7F3914E335172E7FCBD40876 /* RouteLeaderboard.swift */; };
		EF227D140DDA2EAFC1B9204B /* CreateTabUITests.swift in Sources */ = {isa = PBXBuildFile; fileRef = 2648CDD8B7FCC2AEE85A5D0A /* CreateTabUITests.swift */; };
		EF4F3E21943AF22940BB8D7C /* StatsView.swift in Sources */ = {isa = PBXBuildFile; fileRef = 169965F5AD3679689FD9268B /* StatsView.swift */; };
		EF99E335EA5D7771BA7495DC /* WalkableKit in Frameworks */ = {isa = PBXBuildFile; productRef = 92EC3129040AA494D4682AD8 /* WalkableKit */; };
		EFC9CD96DFEB463559A2B5CF /* WalkControlsView.swift in Sources */ = {isa = PBXBuildFile; fileRef = DE469E7A9616DEF652575683 /* WalkControlsView.swift */; };
		F2552A0C8273F1C1B2925135 /* WalkableKit in Frameworks */ = {isa = PBXBuildFile; productRef = 41BAECEC5FD1E464FD56214F /* WalkableKit */; };
		F6FAEFF54C853F1E9B81B269 /* WatchSummaryView.swift in Sources */ = {isa = PBXBuildFile; fileRef = DCF6B8E22583E08984B290DD /* WatchSummaryView.swift */; };
		FBE036444564236017088B6A /* ModelTests.swift in Sources */ = {isa = PBXBuildFile; fileRef = AB45A54BE7D39650928B01EC /* ModelTests.swift */; };
		FC0843E178DB095D134F44C8 /* CreateRouteView.swift in Sources */ = {isa = PBXBuildFile; fileRef = 719F6149C0E7BD387CAE29C9 /* CreateRouteView.swift */; };
		FCE978145BA5B5CA5567FA8D /* Assets.xcassets in Resources */ = {isa = PBXBuildFile; fileRef = 2D67A9E3E74F2085B5D00F5B /* Assets.xcassets */; };
/* End PBXBuildFile section */

/* Begin PBXContainerItemProxy section */
		117BD6F1E395E99B50F8E095 /* PBXContainerItemProxy */ = {
			isa = PBXContainerItemProxy;
			containerPortal = D277DE1B71D7955078E83022 /* Project object */;
			proxyType = 1;
			remoteGlobalIDString = 4C67977720271797BA338E2D;
			remoteInfo = WalkableWidgets;
		};
		295A905F7BEA14BA20C3683B /* PBXContainerItemProxy */ = {
			isa = PBXContainerItemProxy;
			containerPortal = D277DE1B71D7955078E83022 /* Project object */;
			proxyType = 1;
			remoteGlobalIDString = D7216D9D62AA556F4C3FD40A;
			remoteInfo = WalkableWatch;
		};
		92F3C33C6E84D200497840E5 /* PBXContainerItemProxy */ = {
			isa = PBXContainerItemProxy;
			containerPortal = D277DE1B71D7955078E83022 /* Project object */;
			proxyType = 1;
			remoteGlobalIDString = 4DF7772DF0C4B7ED0E86FB13;
			remoteInfo = WalkableApp;
		};
		F1240D250418A36BA2A0F56D /* PBXContainerItemProxy */ = {
			isa = PBXContainerItemProxy;
			containerPortal = D277DE1B71D7955078E83022 /* Project object */;
			proxyType = 1;
			remoteGlobalIDString = 4DF7772DF0C4B7ED0E86FB13;
			remoteInfo = WalkableApp;
		};
/* End PBXContainerItemProxy section */

/* Begin PBXCopyFilesBuildPhase section */
		2D014403C2EF4107594F4C64 /* Embed Foundation Extensions */ = {
			isa = PBXCopyFilesBuildPhase;
			buildActionMask = 2147483647;
			dstPath = "";
			dstSubfolderSpec = 13;
			files = (
				7B7B351861A6DDCC3BB96658 /* WalkableWidgets.appex in Embed Foundation Extensions */,
			);
			name = "Embed Foundation Extensions";
			runOnlyForDeploymentPostprocessing = 0;
		};
		C24EBDEED690EE19A0C89A85 /* Embed Watch Content */ = {
			isa = PBXCopyFilesBuildPhase;
			buildActionMask = 2147483647;
			dstPath = "$(CONTENTS_FOLDER_PATH)/Watch";
			dstSubfolderSpec = 16;
			files = (
				01D56896EB7371A0EF3F5E05 /* WalkableWatch.app in Embed Watch Content */,
			);
			name = "Embed Watch Content";
			runOnlyForDeploymentPostprocessing = 0;
		};
/* End PBXCopyFilesBuildPhase section */

/* Begin PBXFileReference section */
		06955A99B18F0995ED28EAA4 /* GlassButton.swift */ = {isa = PBXFileReference; lastKnownFileType = sourcecode.swift; path = GlassButton.swift; sourceTree = "<group>"; };
		08131679F170C969DC955433 /* GPXFile.swift */ = {isa = PBXFileReference; lastKnownFileType = sourcecode.swift; path = GPXFile.swift; sourceTree = "<group>"; };
		0A652311E9D004C70AA4B541 /* MapStylePreference.swift */ = {isa = PBXFileReference; lastKnownFileType = sourcecode.swift; path = MapStylePreference.swift; sourceTree = "<group>"; };
		0C02D137ACE6ED0D2CF2BC24 /* TemplateGeneratorTests.swift */ = {isa = PBXFileReference; lastKnownFileType = sourcecode.swift; path = TemplateGeneratorTests.swift; sourceTree = "<group>"; };
		0CC07428EAB927C5ADA70A0E /* PinModeOverlay.swift */ = {isa = PBXFileReference; lastKnownFileType = sourcecode.swift; path = PinModeOverlay.swift; sourceTree = "<group>"; };
		151B33648D4EBA203CF68828 /* WalkableUITests.swift */ = {isa = PBXFileReference; lastKnownFileType = sourcecode.swift; path = WalkableUITests.swift; sourceTree = "<group>"; };
		169965F5AD3679689FD9268B /* StatsView.swift */ = {isa = PBXFileReference; lastKnownFileType = sourcecode.swift; path = StatsView.swift; sourceTree = "<group>"; };
		16FE9645613CC23B11F2232C /* LibraryView.swift */ = {isa = PBXFileReference; lastKnownFileType = sourcecode.swift; path = LibraryView.swift; sourceTree = "<group>"; };
		2473363F5C159BB97A60F8BE /* WaypointArrivalCard.swift */ = {isa = PBXFileReference; lastKnownFileType = sourcecode.swift; path = WaypointArrivalCard.swift; sourceTree = "<group>"; };
		2648CDD8B7FCC2AEE85A5D0A /* CreateTabUITests.swift */ = {isa = PBXFileReference; lastKnownFileType = sourcecode.swift; path = CreateTabUITests.swift; sourceTree = "<group>"; };
		2987AC77B66DB1195F140EA5 /* StatCardView.swift */ = {isa = PBXFileReference; lastKnownFileType = sourcecode.swift; path = StatCardView.swift; sourceTree = "<group>"; };
		2D67A9E3E74F2085B5D00F5B /* Assets.xcassets */ = {isa = PBXFileReference; lastKnownFileType = folder.assetcatalog; path = Assets.xcassets; sourceTree = "<group>"; };
		2E35D80372841BFF77ADE9BA /* ActiveWalkViewModel.swift */ = {isa = PBXFileReference; lastKnownFileType = sourcecode.swift; path = ActiveWalkViewModel.swift; sourceTree = "<group>"; };
		307090577F05AA73E61C1159 /* ContentView.swift */ = {isa = PBXFileReference; lastKnownFileType = sourcecode.swift; path = ContentView.swift; sourceTree = "<group>"; };
		30B818683D809F25E0BCBF4C /* RoutingServiceTests.swift */ = {isa = PBXFileReference; lastKnownFileType = sourcecode.swift; path = RoutingServiceTests.swift; sourceTree = "<group>"; };
		3DE952FDFB9CA2FC0DBA3903 /* ActiveWalkView.swift */ = {isa = PBXFileReference; lastKnownFileType = sourcecode.swift; path = ActiveWalkView.swift; sourceTree = "<group>"; };
		40CDD85F619FEE037E736AEB /* WalkableApp.entitlements */ = {isa = PBXFileReference; lastKnownFileType = text.plist.entitlements; path = WalkableApp.entitlements; sourceTree = "<group>"; };
		416C78792D66DFAECF79F7AE /* PathSimplifierTests.swift */ = {isa = PBXFileReference; lastKnownFileType = sourcecode.swift; path = PathSimplifierTests.swift; sourceTree = "<group>"; };
		4396FA147406FD118CC8FB34 /* SessionDetailSheet.swift */ = {isa = PBXFileReference; lastKnownFileType = sourcecode.swift; path = SessionDetailSheet.swift; sourceTree = "<group>"; };
		44DBE628CD2816AF0CC6C0E3 /* RouteListView.swift */ = {isa = PBXFileReference; lastKnownFileType = sourcecode.swift; path = RouteListView.swift; sourceTree = "<group>"; };
		4555554BF8D7071BD426467B /* SaveRouteSheet.swift */ = {isa = PBXFileReference; lastKnownFileType = sourcecode.swift; path = SaveRouteSheet.swift; sourceTree = "<group>"; };
		4A200AD9B414882AC6C7C572 /* Info.plist */ = {isa = PBXFileReference; lastKnownFileType = text.plist; path = Info.plist; sourceTree = "<group>"; };
		51D80C129C05029BAD7DE958 /* WalkableApp.app */ = {isa = PBXFileReference; explicitFileType = wrapper.application; includeInIndex = 0; path = WalkableApp.app; sourceTree = BUILT_PRODUCTS_DIR; };
		5515782EF765667BB5836D12 /* WalkableWidgets.appex */ = {isa = PBXFileReference; explicitFileType = "wrapper.app-extension"; includeInIndex = 0; path = WalkableWidgets.appex; sourceTree = BUILT_PRODUCTS_DIR; };
		57B9A25E290E6711909B627B /* WalkableKit */ = {isa = PBXFileReference; lastKnownFileType = folder; path = WalkableKit; sourceTree = SOURCE_ROOT; };
		57F061AAADC8839C2E49EE10 /* WalkTabView.swift */ = {isa = PBXFileReference; lastKnownFileType = sourcecode.swift; path = WalkTabView.swift; sourceTree = "<group>"; };
		5DB7618EACDEED770EA1628E /* WalkableLiveActivity.swift */ = {isa = PBXFileReference; lastKnownFileType = sourcecode.swift; path = WalkableLiveActivity.swift; sourceTree = "<group>"; };
		65910331A837344A3DF7308C /* WalkableWidgetsBundle.swift */ = {isa = PBXFileReference; lastKnownFileType = sourcecode.swift; path = WalkableWidgetsBundle.swift; sourceTree = "<group>"; };
		6765B12731821E706EA6FBEC /* PolylineSplitterTests.swift */ = {isa = PBXFileReference; lastKnownFileType = sourcecode.swift; path = PolylineSplitterTests.swift; sourceTree = "<group>"; };
		6FE0975B78BD16789EBECAD7 /* WatchRouteListViewModel.swift */ = {isa = PBXFileReference; lastKnownFileType = sourcecode.swift; path = WatchRouteListViewModel.swift; sourceTree = "<group>"; };
		719F6149C0E7BD387CAE29C9 /* CreateRouteView.swift */ = {isa = PBXFileReference; lastKnownFileType = sourcecode.swift; path = CreateRouteView.swift; sourceTree = "<group>"; };
		785B5C345A8361B05AF07A23 /* LibraryViewModel.swift */ = {isa = PBXFileReference; lastKnownFileType = sourcecode.swift; path = LibraryViewModel.swift; sourceTree = "<group>"; };
		7D54965837D4623422C8EE3E /* WalkableWatchApp.swift */ = {isa = PBXFileReference; lastKnownFileType = sourcecode.swift; path = WalkableWatchApp.swift; sourceTree = "<group>"; };
		7F3914E335172E7FCBD40876 /* RouteLeaderboard.swift */ = {isa = PBXFileReference; lastKnownFileType = sourcecode.swift; path = RouteLeaderboard.swift; sourceTree = "<group>"; };
		81BC1E519A2654DE467F8FDE /* WatchRouteDetailView.swift */ = {isa = PBXFileReference; lastKnownFileType = sourcecode.swift; path = WatchRouteDetailView.swift; sourceTree = "<group>"; };
		856C3414EF05FE64556D6E09 /* WalkableApp.swift */ = {isa = PBXFileReference; lastKnownFileType = sourcecode.swift; path = WalkableApp.swift; sourceTree = "<group>"; };
		8855CF19B5A514FC074BB5F7 /* WalkableWatch.app */ = {isa = PBXFileReference; explicitFileType = wrapper.application; includeInIndex = 0; path = WalkableWatch.app; sourceTree = BUILT_PRODUCTS_DIR; };
		91B4EB17D013CF933CC786A8 /* WalkableUITests.xctest */ = {isa = PBXFileReference; includeInIndex = 0; lastKnownFileType = wrapper.cfbundle; path = WalkableUITests.xctest; sourceTree = BUILT_PRODUCTS_DIR; };
		95EBB6A4E8D743C84A1A3EE4 /* LibraryUITests.swift */ = {isa = PBXFileReference; lastKnownFileType = sourcecode.swift; path = LibraryUITests.swift; sourceTree = "<group>"; };
		97764333F6CF336841ABCC15 /* WalkableWatch.entitlements */ = {isa = PBXFileReference; lastKnownFileType = text.plist.entitlements; path = WalkableWatch.entitlements; sourceTree = "<group>"; };
		9A2DD36DF427DED9A72E1EB5 /* WatchWalkViewModel.swift */ = {isa = PBXFileReference; lastKnownFileType = sourcecode.swift; path = WatchWalkViewModel.swift; sourceTree = "<group>"; };
		9F9C0771AA622AAF1E7D6CA3 /* RouteCardView.swift */ = {isa = PBXFileReference; lastKnownFileType = sourcecode.swift; path = RouteCardView.swift; sourceTree = "<group>"; };
		A3952E51646B3A9B7E034B44 /* StatsViewModel.swift */ = {isa = PBXFileReference; lastKnownFileType = sourcecode.swift; path = StatsViewModel.swift; sourceTree = "<group>"; };
		A9A5ABBA0A32C3DE84D9F5BE /* FormatUtilsTests.swift */ = {isa = PBXFileReference; lastKnownFileType = sourcecode.swift; path = FormatUtilsTests.swift; sourceTree = "<group>"; };
		AB45A54BE7D39650928B01EC /* ModelTests.swift */ = {isa = PBXFileReference; lastKnownFileType = sourcecode.swift; path = ModelTests.swift; sourceTree = "<group>"; };
		AD313A8FC4462C7EDE3E0AD4 /* Assets.xcassets */ = {isa = PBXFileReference; lastKnownFileType = folder.assetcatalog; path = Assets.xcassets; sourceTree = "<group>"; };
		ADF1EB7F201E4B7BD61D4985 /* RouteMapOverlay.swift */ = {isa = PBXFileReference; lastKnownFileType = sourcecode.swift; path = RouteMapOverlay.swift; sourceTree = "<group>"; };
		B44C75758EF0C7AC84CE39E7 /* CompassView.swift */ = {isa = PBXFileReference; lastKnownFileType = sourcecode.swift; path = CompassView.swift; sourceTree = "<group>"; };
		B6A51C3C02B3BA119213CAA1 /* Haptics.swift */ = {isa = PBXFileReference; lastKnownFileType = sourcecode.swift; path = Haptics.swift; sourceTree = "<group>"; };
		BE6CB550C19F915950640DF4 /* AllSessionsView.swift */ = {isa = PBXFileReference; lastKnownFileType = sourcecode.swift; path = AllSessionsView.swift; sourceTree = "<group>"; };
		C1358DBC5A6ABF9406C09C11 /* DrawingCanvas.swift */ = {isa = PBXFileReference; lastKnownFileType = sourcecode.swift; path = DrawingCanvas.swift; sourceTree = "<group>"; };
		C6AA5849D96973C9AD6788D2 /* DrawModeOverlay.swift */ = {isa = PBXFileReference; lastKnownFileType = sourcecode.swift; path = DrawModeOverlay.swift; sourceTree = "<group>"; };
		C8CEF479EC71EEEE1696F797 /* WalkStatsBar.swift */ = {isa = PBXFileReference; lastKnownFileType = sourcecode.swift; path = WalkStatsBar.swift; sourceTree = "<group>"; };
		D59ED20DEE31A8F577687C4B /* StatsUITests.swift */ = {isa = PBXFileReference; lastKnownFileType = sourcecode.swift; path = StatsUITests.swift; sourceTree = "<group>"; };
		D7E63BD57723A20BFF593454 /* SettingsView.swift */ = {isa = PBXFileReference; lastKnownFileType = sourcecode.swift; path = SettingsView.swift; sourceTree = "<group>"; };
		DB9C7705FA9827427AC0DCB1 /* PaceTrendChart.swift */ = {isa = PBXFileReference; lastKnownFileType = sourcecode.swift; path = PaceTrendChart.swift; sourceTree = "<group>"; };
		DCF6B8E22583E08984B290DD /* WatchSummaryView.swift */ = {isa = PBXFileReference; lastKnownFileType = sourcecode.swift; path = WatchSummaryView.swift; sourceTree = "<group>"; };
		DD25E2B689A23CD64502A618 /* RouteDetailSheet.swift */ = {isa = PBXFileReference; lastKnownFileType = sourcecode.swift; path = RouteDetailSheet.swift; sourceTree = "<group>"; };
		DE469E7A9616DEF652575683 /* WalkControlsView.swift */ = {isa = PBXFileReference; lastKnownFileType = sourcecode.swift; path = WalkControlsView.swift; sourceTree = "<group>"; };
		E3F1F1C1001288B7384FF7C0 /* WalkableTests.xctest */ = {isa = PBXFileReference; includeInIndex = 0; lastKnownFileType = wrapper.cfbundle; path = WalkableTests.xctest; sourceTree = BUILT_PRODUCTS_DIR; };
		E8EDD0A140E15FF36623E578 /* NowPlayingView.swift */ = {isa = PBXFileReference; lastKnownFileType = sourcecode.swift; path = NowPlayingView.swift; sourceTree = "<group>"; };
		E901C4614536C17E35B73CB1 /* CreateRouteViewModel.swift */ = {isa = PBXFileReference; lastKnownFileType = sourcecode.swift; path = CreateRouteViewModel.swift; sourceTree = "<group>"; };
		E9D00E57C3DC5BC436ED09A3 /* WatchMapView.swift */ = {isa = PBXFileReference; lastKnownFileType = sourcecode.swift; path = WatchMapView.swift; sourceTree = "<group>"; };
		F19610F12212010842919D16 /* WalkSummaryView.swift */ = {isa = PBXFileReference; lastKnownFileType = sourcecode.swift; path = WalkSummaryView.swift; sourceTree = "<group>"; };
		F5E6D32D966038AD56757CC3 /* GlassCard.swift */ = {isa = PBXFileReference; lastKnownFileType = sourcecode.swift; path = GlassCard.swift; sourceTree = "<group>"; };
		FB349395ABCD722A2D201C69 /* GPXServiceTests.swift */ = {isa = PBXFileReference; lastKnownFileType = sourcecode.swift; path = GPXServiceTests.swift; sourceTree = "<group>"; };
		FE89E09A4281BDD8AACC4159 /* TemplateModeOverlay.swift */ = {isa = PBXFileReference; lastKnownFileType = sourcecode.swift; path = TemplateModeOverlay.swift; sourceTree = "<group>"; };
/* End PBXFileReference section */

/* Begin PBXFrameworksBuildPhase section */
		19B136482BBE24BB22A3E9D6 /* Frameworks */ = {
			isa = PBXFrameworksBuildPhase;
			buildActionMask = 2147483647;
			files = (
				F2552A0C8273F1C1B2925135 /* WalkableKit in Frameworks */,
			);
			runOnlyForDeploymentPostprocessing = 0;
		};
		3CD679A4543C0E75ED827B63 /* Frameworks */ = {
			isa = PBXFrameworksBuildPhase;
			buildActionMask = 2147483647;
			files = (
				EF99E335EA5D7771BA7495DC /* WalkableKit in Frameworks */,
			);
			runOnlyForDeploymentPostprocessing = 0;
		};
		924AA5C87676C9349EE38A7A /* Frameworks */ = {
			isa = PBXFrameworksBuildPhase;
			buildActionMask = 2147483647;
			files = (
				9AE7B3E204D6E6DAB46E602A /* WalkableKit in Frameworks */,
			);
			runOnlyForDeploymentPostprocessing = 0;
		};
		E30055AAA0F91F60FF4AC2FE /* Frameworks */ = {
			isa = PBXFrameworksBuildPhase;
			buildActionMask = 2147483647;
			files = (
				9B71571B0C080603A2CF3097 /* WalkableKit in Frameworks */,
			);
			runOnlyForDeploymentPostprocessing = 0;
		};
/* End PBXFrameworksBuildPhase section */

/* Begin PBXGroup section */
		00CC85F13AF685DB1E754D4A /* WalkableWidgets */ = {
			isa = PBXGroup;
			children = (
				4A200AD9B414882AC6C7C572 /* Info.plist */,
				5DB7618EACDEED770EA1628E /* WalkableLiveActivity.swift */,
				65910331A837344A3DF7308C /* WalkableWidgetsBundle.swift */,
			);
			path = WalkableWidgets;
			sourceTree = "<group>";
		};
		0586DB7DA0D65056FB17F594 /* Products */ = {
			isa = PBXGroup;
			children = (
				51D80C129C05029BAD7DE958 /* WalkableApp.app */,
				E3F1F1C1001288B7384FF7C0 /* WalkableTests.xctest */,
				91B4EB17D013CF933CC786A8 /* WalkableUITests.xctest */,
				8855CF19B5A514FC074BB5F7 /* WalkableWatch.app */,
				5515782EF765667BB5836D12 /* WalkableWidgets.appex */,
			);
			name = Products;
			sourceTree = "<group>";
		};
		10DA4AE3078B1B1ACD36B463 /* WalkableWatch */ = {
			isa = PBXGroup;
			children = (
				AD313A8FC4462C7EDE3E0AD4 /* Assets.xcassets */,
				97764333F6CF336841ABCC15 /* WalkableWatch.entitlements */,
				7D54965837D4623422C8EE3E /* WalkableWatchApp.swift */,
				440EDF4ECEECC3C9E174B0E8 /* ViewModels */,
				1DCE91B355F5E7D7AE5575CE /* Views */,
			);
			path = WalkableWatch;
			sourceTree = "<group>";
		};
		1CCD1316C1DE77671B688B3B /* ViewModels */ = {
			isa = PBXGroup;
			children = (
				2E35D80372841BFF77ADE9BA /* ActiveWalkViewModel.swift */,
				E901C4614536C17E35B73CB1 /* CreateRouteViewModel.swift */,
				785B5C345A8361B05AF07A23 /* LibraryViewModel.swift */,
				A3952E51646B3A9B7E034B44 /* StatsViewModel.swift */,
			);
			path = ViewModels;
			sourceTree = "<group>";
		};
		1DCE91B355F5E7D7AE5575CE /* Views */ = {
			isa = PBXGroup;
			children = (
				B44C75758EF0C7AC84CE39E7 /* CompassView.swift */,
				E8EDD0A140E15FF36623E578 /* NowPlayingView.swift */,
				44DBE628CD2816AF0CC6C0E3 /* RouteListView.swift */,
				DE469E7A9616DEF652575683 /* WalkControlsView.swift */,
				57F061AAADC8839C2E49EE10 /* WalkTabView.swift */,
				E9D00E57C3DC5BC436ED09A3 /* WatchMapView.swift */,
				81BC1E519A2654DE467F8FDE /* WatchRouteDetailView.swift */,
				DCF6B8E22583E08984B290DD /* WatchSummaryView.swift */,
			);
			path = Views;
			sourceTree = "<group>";
		};
		28290EFED72C6527435F3B71 /* Walk */ = {
			isa = PBXGroup;
			children = (
				3DE952FDFB9CA2FC0DBA3903 /* ActiveWalkView.swift */,
				C8CEF479EC71EEEE1696F797 /* WalkStatsBar.swift */,
				F19610F12212010842919D16 /* WalkSummaryView.swift */,
				2473363F5C159BB97A60F8BE /* WaypointArrivalCard.swift */,
			);
			path = Walk;
			sourceTree = "<group>";
		};
		3ACC4E626DE05E61A300CDEA = {
			isa = PBXGroup;
			children = (
				8CE486C7711F9BFF4881D413 /* Packages */,
				E9E1E5475C66E48B94B94066 /* WalkableApp */,
				4DBE5F22F746CDC9FC8AFC51 /* WalkableTests */,
				78DDEFD4D2F1DBD1EB8ED7CB /* WalkableUITests */,
				10DA4AE3078B1B1ACD36B463 /* WalkableWatch */,
				00CC85F13AF685DB1E754D4A /* WalkableWidgets */,
				0586DB7DA0D65056FB17F594 /* Products */,
			);
			sourceTree = "<group>";
		};
		440EDF4ECEECC3C9E174B0E8 /* ViewModels */ = {
			isa = PBXGroup;
			children = (
				6FE0975B78BD16789EBECAD7 /* WatchRouteListViewModel.swift */,
				9A2DD36DF427DED9A72E1EB5 /* WatchWalkViewModel.swift */,
			);
			path = ViewModels;
			sourceTree = "<group>";
		};
		496FF750C87457A70096964D /* Shared */ = {
			isa = PBXGroup;
			children = (
				06955A99B18F0995ED28EAA4 /* GlassButton.swift */,
				F5E6D32D966038AD56757CC3 /* GlassCard.swift */,
				08131679F170C969DC955433 /* GPXFile.swift */,
				B6A51C3C02B3BA119213CAA1 /* Haptics.swift */,
				0A652311E9D004C70AA4B541 /* MapStylePreference.swift */,
				ADF1EB7F201E4B7BD61D4985 /* RouteMapOverlay.swift */,
			);
			path = Shared;
			sourceTree = "<group>";
		};
		4DBE5F22F746CDC9FC8AFC51 /* WalkableTests */ = {
			isa = PBXGroup;
			children = (
				A9A5ABBA0A32C3DE84D9F5BE /* FormatUtilsTests.swift */,
				FB349395ABCD722A2D201C69 /* GPXServiceTests.swift */,
				AB45A54BE7D39650928B01EC /* ModelTests.swift */,
				416C78792D66DFAECF79F7AE /* PathSimplifierTests.swift */,
				6765B12731821E706EA6FBEC /* PolylineSplitterTests.swift */,
				30B818683D809F25E0BCBF4C /* RoutingServiceTests.swift */,
				0C02D137ACE6ED0D2CF2BC24 /* TemplateGeneratorTests.swift */,
			);
			path = WalkableTests;
			sourceTree = "<group>";
		};
		78DDEFD4D2F1DBD1EB8ED7CB /* WalkableUITests */ = {
			isa = PBXGroup;
			children = (
				2648CDD8B7FCC2AEE85A5D0A /* CreateTabUITests.swift */,
				95EBB6A4E8D743C84A1A3EE4 /* LibraryUITests.swift */,
				D59ED20DEE31A8F577687C4B /* StatsUITests.swift */,
				151B33648D4EBA203CF68828 /* WalkableUITests.swift */,
			);
			path = WalkableUITests;
			sourceTree = "<group>";
		};
		8BC3D7FAABDD8FDA890A5205 /* Settings */ = {
			isa = PBXGroup;
			children = (
				D7E63BD57723A20BFF593454 /* SettingsView.swift */,
			);
			path = Settings;
			sourceTree = "<group>";
		};
		8CE486C7711F9BFF4881D413 /* Packages */ = {
			isa = PBXGroup;
			children = (
				57B9A25E290E6711909B627B /* WalkableKit */,
			);
			name = Packages;
			sourceTree = "<group>";
		};
		A874B785337632610AB3CE16 /* Create */ = {
			isa = PBXGroup;
			children = (
				719F6149C0E7BD387CAE29C9 /* CreateRouteView.swift */,
				C1358DBC5A6ABF9406C09C11 /* DrawingCanvas.swift */,
				C6AA5849D96973C9AD6788D2 /* DrawModeOverlay.swift */,
				0CC07428EAB927C5ADA70A0E /* PinModeOverlay.swift */,
				4555554BF8D7071BD426467B /* SaveRouteSheet.swift */,
				FE89E09A4281BDD8AACC4159 /* TemplateModeOverlay.swift */,
			);
			path = Create;
			sourceTree = "<group>";
		};
		B6BA86073BF86838F33CA326 /* Views */ = {
			isa = PBXGroup;
			children = (
				A874B785337632610AB3CE16 /* Create */,
				D73FAC2D803CE30B72E6E7E4 /* Library */,
				8BC3D7FAABDD8FDA890A5205 /* Settings */,
				496FF750C87457A70096964D /* Shared */,
				F2CDC80740487C3C1A1931C3 /* Stats */,
				28290EFED72C6527435F3B71 /* Walk */,
			);
			path = Views;
			sourceTree = "<group>";
		};
		D73FAC2D803CE30B72E6E7E4 /* Library */ = {
			isa = PBXGroup;
			children = (
				16FE9645613CC23B11F2232C /* LibraryView.swift */,
				9F9C0771AA622AAF1E7D6CA3 /* RouteCardView.swift */,
				DD25E2B689A23CD64502A618 /* RouteDetailSheet.swift */,
			);
			path = Library;
			sourceTree = "<group>";
		};
		E9E1E5475C66E48B94B94066 /* WalkableApp */ = {
			isa = PBXGroup;
			children = (
				2D67A9E3E74F2085B5D00F5B /* Assets.xcassets */,
				307090577F05AA73E61C1159 /* ContentView.swift */,
				40CDD85F619FEE037E736AEB /* WalkableApp.entitlements */,
				856C3414EF05FE64556D6E09 /* WalkableApp.swift */,
				1CCD1316C1DE77671B688B3B /* ViewModels */,
				B6BA86073BF86838F33CA326 /* Views */,
			);
			path = WalkableApp;
			sourceTree = "<group>";
		};
		F2CDC80740487C3C1A1931C3 /* Stats */ = {
			isa = PBXGroup;
			children = (
				BE6CB550C19F915950640DF4 /* AllSessionsView.swift */,
				DB9C7705FA9827427AC0DCB1 /* PaceTrendChart.swift */,
				7F3914E335172E7FCBD40876 /* RouteLeaderboard.swift */,
				4396FA147406FD118CC8FB34 /* SessionDetailSheet.swift */,
				2987AC77B66DB1195F140EA5 /* StatCardView.swift */,
				169965F5AD3679689FD9268B /* StatsView.swift */,
			);
			path = Stats;
			sourceTree = "<group>";
		};
/* End PBXGroup section */

/* Begin PBXNativeTarget section */
		4C67977720271797BA338E2D /* WalkableWidgets */ = {
			isa = PBXNativeTarget;
			buildConfigurationList = D86C45BC61E6F88C70A62728 /* Build configuration list for PBXNativeTarget "WalkableWidgets" */;
			buildPhases = (
				4D022D4FA31139CE0E3E16D6 /* Sources */,
				E30055AAA0F91F60FF4AC2FE /* Frameworks */,
			);
			buildRules = (
			);
			dependencies = (
			);
			name = WalkableWidgets;
			packageProductDependencies = (
				64DAB2236C6F897B31E25AAD /* WalkableKit */,
			);
			productName = WalkableWidgets;
			productReference = 5515782EF765667BB5836D12 /* WalkableWidgets.appex */;
			productType = "com.apple.product-type.app-extension";
		};
		4DF7772DF0C4B7ED0E86FB13 /* WalkableApp */ = {
			isa = PBXNativeTarget;
			buildConfigurationList = 32BF782BC10488DC29820F31 /* Build configuration list for PBXNativeTarget "WalkableApp" */;
			buildPhases = (
				0717AC68B024E98C231CE304 /* Sources */,
				CD0869CDE15FE0C8BD82388D /* Resources */,
				924AA5C87676C9349EE38A7A /* Frameworks */,
				2D014403C2EF4107594F4C64 /* Embed Foundation Extensions */,
				C24EBDEED690EE19A0C89A85 /* Embed Watch Content */,
			);
			buildRules = (
			);
			dependencies = (
				6268591B654D8BDA2C35E73C /* PBXTargetDependency */,
				2F095B558B3683B50B19C4BA /* PBXTargetDependency */,
			);
			name = WalkableApp;
			packageProductDependencies = (
				FFB113B25AAE0C99856458A5 /* WalkableKit */,
			);
			productName = WalkableApp;
			productReference = 51D80C129C05029BAD7DE958 /* WalkableApp.app */;
			productType = "com.apple.product-type.application";
		};
		6E6950EB8716ABF21EE4789D /* WalkableTests */ = {
			isa = PBXNativeTarget;
			buildConfigurationList = 794448A470FA52FEFDA49869 /* Build configuration list for PBXNativeTarget "WalkableTests" */;
			buildPhases = (
				9083762E043E6924F4D8D3E5 /* Sources */,
				3CD679A4543C0E75ED827B63 /* Frameworks */,
			);
			buildRules = (
			);
			dependencies = (
				E6FBE9A366B7426ED87225CF /* PBXTargetDependency */,
			);
			name = WalkableTests;
			packageProductDependencies = (
				92EC3129040AA494D4682AD8 /* WalkableKit */,
			);
			productName = WalkableTests;
			productReference = E3F1F1C1001288B7384FF7C0 /* WalkableTests.xctest */;
			productType = "com.apple.product-type.bundle.unit-test";
		};
		8F2D3ED88A48ED82E4D410AA /* WalkableUITests */ = {
			isa = PBXNativeTarget;
			buildConfigurationList = BC10E81E2CE3A9AAB99BD6C3 /* Build configuration list for PBXNativeTarget "WalkableUITests" */;
			buildPhases = (
				BA48639F351D7E3D89B7ED93 /* Sources */,
			);
			buildRules = (
			);
			dependencies = (
				571839AC0522B26598733041 /* PBXTargetDependency */,
			);
			name = WalkableUITests;
			packageProductDependencies = (
			);
			productName = WalkableUITests;
			productReference = 91B4EB17D013CF933CC786A8 /* WalkableUITests.xctest */;
			productType = "com.apple.product-type.bundle.ui-testing";
		};
		D7216D9D62AA556F4C3FD40A /* WalkableWatch */ = {
			isa = PBXNativeTarget;
			buildConfigurationList = FE8AE42BAE3A2C6424638F89 /* Build configuration list for PBXNativeTarget "WalkableWatch" */;
			buildPhases = (
				75386B112354664F44D787B3 /* Sources */,
				61121D2E2B38622F180D2BBE /* Resources */,
				19B136482BBE24BB22A3E9D6 /* Frameworks */,
			);
			buildRules = (
			);
			dependencies = (
			);
			name = WalkableWatch;
			packageProductDependencies = (
				41BAECEC5FD1E464FD56214F /* WalkableKit */,
			);
			productName = WalkableWatch;
			productReference = 8855CF19B5A514FC074BB5F7 /* WalkableWatch.app */;
			productType = "com.apple.product-type.application";
		};
/* End PBXNativeTarget section */

/* Begin PBXProject section */
		D277DE1B71D7955078E83022 /* Project object */ = {
			isa = PBXProject;
			attributes = {
				BuildIndependentTargetsInParallel = YES;
				LastUpgradeCheck = 1600;
				TargetAttributes = {
					4C67977720271797BA338E2D = {
						ProvisioningStyle = Automatic;
					};
					4DF7772DF0C4B7ED0E86FB13 = {
						ProvisioningStyle = Automatic;
					};
					8F2D3ED88A48ED82E4D410AA = {
						TestTargetID = 4DF7772DF0C4B7ED0E86FB13;
					};
					D7216D9D62AA556F4C3FD40A = {
						ProvisioningStyle = Automatic;
					};
				};
			};
			buildConfigurationList = 279E1BD4BE4B9E93BD3830D2 /* Build configuration list for PBXProject "Walkable" */;
			developmentRegion = en;
			hasScannedForEncodings = 0;
			knownRegions = (
				Base,
				en,
			);
			mainGroup = 3ACC4E626DE05E61A300CDEA;
			minimizedProjectReferenceProxies = 1;
			packageReferences = (
				649061F9670AA419909483C4 /* XCLocalSwiftPackageReference "WalkableKit" */,
			);
			preferredProjectObjectVersion = 77;
			productRefGroup = 0586DB7DA0D65056FB17F594 /* Products */;
			projectDirPath = "";
			projectRoot = "";
			targets = (
				4DF7772DF0C4B7ED0E86FB13 /* WalkableApp */,
				6E6950EB8716ABF21EE4789D /* WalkableTests */,
				8F2D3ED88A48ED82E4D410AA /* WalkableUITests */,
				D7216D9D62AA556F4C3FD40A /* WalkableWatch */,
				4C67977720271797BA338E2D /* WalkableWidgets */,
			);
		};
/* End PBXProject section */

/* Begin PBXResourcesBuildPhase section */
		61121D2E2B38622F180D2BBE /* Resources */ = {
			isa = PBXResourcesBuildPhase;
			buildActionMask = 2147483647;
			files = (
				4F472613137C101BA8EE8D2F /* Assets.xcassets in Resources */,
			);
			runOnlyForDeploymentPostprocessing = 0;
		};
		CD0869CDE15FE0C8BD82388D /* Resources */ = {
			isa = PBXResourcesBuildPhase;
			buildActionMask = 2147483647;
			files = (
				FCE978145BA5B5CA5567FA8D /* Assets.xcassets in Resources */,
			);
			runOnlyForDeploymentPostprocessing = 0;
		};
/* End PBXResourcesBuildPhase section */

/* Begin PBXSourcesBuildPhase section */
		0717AC68B024E98C231CE304 /* Sources */ = {
			isa = PBXSourcesBuildPhase;
			buildActionMask = 2147483647;
			files = (
				40EF31F52821985C3477936C /* ActiveWalkView.swift in Sources */,
				6167C81B7128737C4BD52983 /* ActiveWalkViewModel.swift in Sources */,
				EAD4E9C3BF1A7C008548127C /* AllSessionsView.swift in Sources */,
				97E089ADC3CA8981385F63E7 /* ContentView.swift in Sources */,
				FC0843E178DB095D134F44C8 /* CreateRouteView.swift in Sources */,
				6E0401483C3C5BE0369B6DB4 /* CreateRouteViewModel.swift in Sources */,
				55AB96BC7D959B5C67430B60 /* DrawModeOverlay.swift in Sources */,
				C8BB583820C6BC7EAC3CA291 /* DrawingCanvas.swift in Sources */,
				E086D9084CED6FEAD8BA6007 /* GPXFile.swift in Sources */,
				52DBB50296540319AFE3ABE6 /* GlassButton.swift in Sources */,
				D616989BE078C5766CF63C77 /* GlassCard.swift in Sources */,
				70EAEA4A912BD094E28BE123 /* Haptics.swift in Sources */,
				99BC7ABFCFBF0765A3F8D7CD /* LibraryView.swift in Sources */,
				67E7CC5BE31B58EAE6DB3F9F /* LibraryViewModel.swift in Sources */,
				6822EECB273BD85FCE7BF3BB /* MapStylePreference.swift in Sources */,
				54D5A3D95030A148498D293F /* PaceTrendChart.swift in Sources */,
				D4A93ABF11B70E3BE0C210C5 /* PinModeOverlay.swift in Sources */,
				789071D67D46C4AE7996E31A /* RouteCardView.swift in Sources */,
				A547BBF79642102F9C408EC3 /* RouteDetailSheet.swift in Sources */,
				EE565D9D0866BEC3F24C75D3 /* RouteLeaderboard.swift in Sources */,
				2270E1523F109D5066BF7B53 /* RouteMapOverlay.swift in Sources */,
				8E28EA1F1188392F072F34B7 /* SaveRouteSheet.swift in Sources */,
				D88854C8D9E184DF6130F5BC /* SessionDetailSheet.swift in Sources */,
				5A2BF64531334790D7605761 /* SettingsView.swift in Sources */,
				544A9359D87948DFFF580080 /* StatCardView.swift in Sources */,
				EF4F3E21943AF22940BB8D7C /* StatsView.swift in Sources */,
				011791246714E964BB8E66C0 /* StatsViewModel.swift in Sources */,
				09541AEE08342CF4928ADE53 /* TemplateModeOverlay.swift in Sources */,
				ED7C3597B9433D441B5FF1B8 /* WalkStatsBar.swift in Sources */,
				170ABD1DACA88670BD6C90EE /* WalkSummaryView.swift in Sources */,
				9911EB08CC790DFD9330FE0E /* WalkableApp.swift in Sources */,
				5F0E584E87636F6B3F0E46E1 /* WaypointArrivalCard.swift in Sources */,
			);
			runOnlyForDeploymentPostprocessing = 0;
		};
		4D022D4FA31139CE0E3E16D6 /* Sources */ = {
			isa = PBXSourcesBuildPhase;
			buildActionMask = 2147483647;
			files = (
				380C6C213E16B7B0DDED251B /* WalkableLiveActivity.swift in Sources */,
				A039DE54EC3CF6A5646C55A7 /* WalkableWidgetsBundle.swift in Sources */,
			);
			runOnlyForDeploymentPostprocessing = 0;
		};
		75386B112354664F44D787B3 /* Sources */ = {
			isa = PBXSourcesBuildPhase;
			buildActionMask = 2147483647;
			files = (
				DFD4AD43C721552B55887680 /* CompassView.swift in Sources */,
				E18CA83E688E65632699C5F5 /* NowPlayingView.swift in Sources */,
				5994E70C1CC052FB526BA8B0 /* RouteListView.swift in Sources */,
				EFC9CD96DFEB463559A2B5CF /* WalkControlsView.swift in Sources */,
				3D83AD6B01BFAE9364B5AFD8 /* WalkTabView.swift in Sources */,
				4E4175BD3A88A55593C6C39B /* WalkableWatchApp.swift in Sources */,
				D4B02D6BE552C1BA025CA183 /* WatchMapView.swift in Sources */,
				28BB752BBD3F772F5D15FC02 /* WatchRouteDetailView.swift in Sources */,
				5B28C2E1924A20CF706345EE /* WatchRouteListViewModel.swift in Sources */,
				F6FAEFF54C853F1E9B81B269 /* WatchSummaryView.swift in Sources */,
				195959BDA7C345D4BDD1A1CD /* WatchWalkViewModel.swift in Sources */,
			);
			runOnlyForDeploymentPostprocessing = 0;
		};
		9083762E043E6924F4D8D3E5 /* Sources */ = {
			isa = PBXSourcesBuildPhase;
			buildActionMask = 2147483647;
			files = (
				354F616FC4FAD1FDE8A1023B /* FormatUtilsTests.swift in Sources */,
				A78FD7D07368940E740865B6 /* GPXServiceTests.swift in Sources */,
				FBE036444564236017088B6A /* ModelTests.swift in Sources */,
				6C894D64C962FB2CE8ADB87B /* PathSimplifierTests.swift in Sources */,
				0839B8E7B7EC64506E62D166 /* PolylineSplitterTests.swift in Sources */,
				8189B2B4D2149DE73BC178CA /* RoutingServiceTests.swift in Sources */,
				6C0D38EBBAD1D1E14D3CD667 /* TemplateGeneratorTests.swift in Sources */,
			);
			runOnlyForDeploymentPostprocessing = 0;
		};
		BA48639F351D7E3D89B7ED93 /* Sources */ = {
			isa = PBXSourcesBuildPhase;
			buildActionMask = 2147483647;
			files = (
				EF227D140DDA2EAFC1B9204B /* CreateTabUITests.swift in Sources */,
				5C960F1C0B0A90FACFC36CB1 /* LibraryUITests.swift in Sources */,
				76FF5497A92BB432FCA9ACD4 /* StatsUITests.swift in Sources */,
				B854C09C21F548C1E1FCEE2F /* WalkableUITests.swift in Sources */,
			);
			runOnlyForDeploymentPostprocessing = 0;
		};
/* End PBXSourcesBuildPhase section */

/* Begin PBXTargetDependency section */
		2F095B558B3683B50B19C4BA /* PBXTargetDependency */ = {
			isa = PBXTargetDependency;
			target = D7216D9D62AA556F4C3FD40A /* WalkableWatch */;
			targetProxy = 295A905F7BEA14BA20C3683B /* PBXContainerItemProxy */;
		};
		571839AC0522B26598733041 /* PBXTargetDependency */ = {
			isa = PBXTargetDependency;
			target = 4DF7772DF0C4B7ED0E86FB13 /* WalkableApp */;
			targetProxy = F1240D250418A36BA2A0F56D /* PBXContainerItemProxy */;
		};
		6268591B654D8BDA2C35E73C /* PBXTargetDependency */ = {
			isa = PBXTargetDependency;
			target = 4C67977720271797BA338E2D /* WalkableWidgets */;
			targetProxy = 117BD6F1E395E99B50F8E095 /* PBXContainerItemProxy */;
		};
		E6FBE9A366B7426ED87225CF /* PBXTargetDependency */ = {
			isa = PBXTargetDependency;
			target = 4DF7772DF0C4B7ED0E86FB13 /* WalkableApp */;
			targetProxy = 92F3C33C6E84D200497840E5 /* PBXContainerItemProxy */;
		};
/* End PBXTargetDependency section */

/* Begin XCBuildConfiguration section */
		083844BBD7B312E732E7EC2F /* Release */ = {
			isa = XCBuildConfiguration;
			buildSettings = {
				ASSETCATALOG_COMPILER_APPICON_NAME = AppIcon;
				CODE_SIGN_ENTITLEMENTS = WalkableWatch/WalkableWatch.entitlements;
				CODE_SIGN_STYLE = Automatic;
				DEVELOPMENT_TEAM = HYM2LV4SPQ;
				GENERATE_INFOPLIST_FILE = YES;
				INFOPLIST_KEY_CFBundleDisplayName = Walkable;
				INFOPLIST_KEY_NSHealthShareUsageDescription = "Walkable reads health data during walks.";
				INFOPLIST_KEY_NSHealthUpdateUsageDescription = "Walkable saves walking workouts to Apple Health.";
				INFOPLIST_KEY_NSLocationWhenInUseUsageDescription = "Walkable needs your location for walk navigation.";
				INFOPLIST_KEY_WKApplication = YES;
				INFOPLIST_KEY_WKCompanionAppBundleIdentifier = com.walkable.WalkableApp;
				PRODUCT_BUNDLE_IDENTIFIER = com.walkable.WalkableApp.watchkitapp;
				SDKROOT = watchos;
				SKIP_INSTALL = YES;
				TARGETED_DEVICE_FAMILY = 4;
			};
			name = Release;
		};
		1859B57DFAF02D1EEE456FCD /* Release */ = {
			isa = XCBuildConfiguration;
			buildSettings = {
				CODE_SIGN_STYLE = Automatic;
				DEVELOPMENT_TEAM = HYM2LV4SPQ;
				INFOPLIST_FILE = WalkableWidgets/Info.plist;
				INFOPLIST_KEY_CFBundleDisplayName = Walkable;
				LD_RUNPATH_SEARCH_PATHS = (
					"$(inherited)",
					"@executable_path/Frameworks",
					"@executable_path/../../Frameworks",
				);
				PRODUCT_BUNDLE_IDENTIFIER = com.walkable.WalkableApp.widgets;
				SDKROOT = iphoneos;
				TARGETED_DEVICE_FAMILY = "1,2";
			};
			name = Release;
		};
		1E2B1D1F9D8534F03E217240 /* Release */ = {
			isa = XCBuildConfiguration;
			buildSettings = {
				BUNDLE_LOADER = "$(TEST_HOST)";
				GENERATE_INFOPLIST_FILE = YES;
				LD_RUNPATH_SEARCH_PATHS = (
					"$(inherited)",
					"@executable_path/Frameworks",
					"@loader_path/Frameworks",
				);
				PRODUCT_BUNDLE_IDENTIFIER = com.walkable.WalkableTests;
				SDKROOT = iphoneos;
				TARGETED_DEVICE_FAMILY = "1,2";
				TEST_HOST = "$(BUILT_PRODUCTS_DIR)/WalkableApp.app/WalkableApp";
			};
			name = Release;
		};
		23DC454AF6767E0A7B650431 /* Debug */ = {
			isa = XCBuildConfiguration;
			buildSettings = {
				BUNDLE_LOADER = "$(TEST_HOST)";
				GENERATE_INFOPLIST_FILE = YES;
				LD_RUNPATH_SEARCH_PATHS = (
					"$(inherited)",
					"@executable_path/Frameworks",
					"@loader_path/Frameworks",
				);
				PRODUCT_BUNDLE_IDENTIFIER = com.walkable.WalkableTests;
				SDKROOT = iphoneos;
				TARGETED_DEVICE_FAMILY = "1,2";
				TEST_HOST = "$(BUILT_PRODUCTS_DIR)/WalkableApp.app/WalkableApp";
			};
			name = Debug;
		};
		2FDAF855C60690129F3B6317 /* Release */ = {
			isa = XCBuildConfiguration;
			buildSettings = {
				ASSETCATALOG_COMPILER_APPICON_NAME = AppIcon;
				CODE_SIGN_ENTITLEMENTS = WalkableApp/WalkableApp.entitlements;
				CODE_SIGN_IDENTITY = "iPhone Developer";
				CODE_SIGN_STYLE = Automatic;
				DEVELOPMENT_TEAM = HYM2LV4SPQ;
				GENERATE_INFOPLIST_FILE = YES;
				INFOPLIST_KEY_CFBundleDisplayName = Walkable;
				INFOPLIST_KEY_NSHealthShareUsageDescription = "Walkable reads your health data to show fitness stats.";
				INFOPLIST_KEY_NSHealthUpdateUsageDescription = "Walkable saves your walking workouts to Apple Health.";
				INFOPLIST_KEY_NSLocationAlwaysAndWhenInUseUsageDescription = "Walkable needs background location access to track your walks.";
				INFOPLIST_KEY_NSLocationWhenInUseUsageDescription = "Walkable needs your location to track walks and show your position on the map.";
				INFOPLIST_KEY_NSSupportsLiveActivities = YES;
				INFOPLIST_KEY_UIBackgroundModes = location;
				INFOPLIST_KEY_UILaunchScreen_Generation = YES;
				LD_RUNPATH_SEARCH_PATHS = (
					"$(inherited)",
					"@executable_path/Frameworks",
				);
				PRODUCT_BUNDLE_IDENTIFIER = com.walkable.WalkableApp;
				SDKROOT = iphoneos;
				TARGETED_DEVICE_FAMILY = "1,2";
			};
			name = Release;
		};
		3646A8BC4605FF62D5AF4A1F /* Debug */ = {
			isa = XCBuildConfiguration;
			buildSettings = {
				ASSETCATALOG_COMPILER_APPICON_NAME = AppIcon;
				CODE_SIGN_ENTITLEMENTS = WalkableApp/WalkableApp.entitlements;
				CODE_SIGN_IDENTITY = "iPhone Developer";
				CODE_SIGN_STYLE = Automatic;
				DEVELOPMENT_TEAM = HYM2LV4SPQ;
				GENERATE_INFOPLIST_FILE = YES;
				INFOPLIST_KEY_CFBundleDisplayName = Walkable;
				INFOPLIST_KEY_NSHealthShareUsageDescription = "Walkable reads your health data to show fitness stats.";
				INFOPLIST_KEY_NSHealthUpdateUsageDescription = "Walkable saves your walking workouts to Apple Health.";
				INFOPLIST_KEY_NSLocationAlwaysAndWhenInUseUsageDescription = "Walkable needs background location access to track your walks.";
				INFOPLIST_KEY_NSLocationWhenInUseUsageDescription = "Walkable needs your location to track walks and show your position on the map.";
				INFOPLIST_KEY_NSSupportsLiveActivities = YES;
				INFOPLIST_KEY_UIBackgroundModes = location;
				INFOPLIST_KEY_UILaunchScreen_Generation = YES;
				LD_RUNPATH_SEARCH_PATHS = (
					"$(inherited)",
					"@executable_path/Frameworks",
				);
				PRODUCT_BUNDLE_IDENTIFIER = com.walkable.WalkableApp;
				SDKROOT = iphoneos;
				TARGETED_DEVICE_FAMILY = "1,2";
			};
			name = Debug;
		};
		4DEA08195214BEE24DC1AEA6 /* Debug */ = {
			isa = XCBuildConfiguration;
			buildSettings = {
				CODE_SIGN_STYLE = Automatic;
				DEVELOPMENT_TEAM = HYM2LV4SPQ;
				INFOPLIST_FILE = WalkableWidgets/Info.plist;
				INFOPLIST_KEY_CFBundleDisplayName = Walkable;
				LD_RUNPATH_SEARCH_PATHS = (
					"$(inherited)",
					"@executable_path/Frameworks",
					"@executable_path/../../Frameworks",
				);
				PRODUCT_BUNDLE_IDENTIFIER = com.walkable.WalkableApp.widgets;
				SDKROOT = iphoneos;
				TARGETED_DEVICE_FAMILY = "1,2";
			};
			name = Debug;
		};
		5AC102F993F241AD57909000 /* Release */ = {
			isa = XCBuildConfiguration;
			buildSettings = {
				ALWAYS_SEARCH_USER_PATHS = NO;
				CLANG_ANALYZER_NONNULL = YES;
				CLANG_ANALYZER_NUMBER_OBJECT_CONVERSION = YES_AGGRESSIVE;
				CLANG_CXX_LANGUAGE_STANDARD = "gnu++14";
				CLANG_CXX_LIBRARY = "libc++";
				CLANG_ENABLE_MODULES = YES;
				CLANG_ENABLE_OBJC_ARC = YES;
				CLANG_ENABLE_OBJC_WEAK = YES;
				CLANG_WARN_BLOCK_CAPTURE_AUTORELEASING = YES;
				CLANG_WARN_BOOL_CONVERSION = YES;
				CLANG_WARN_COMMA = YES;
				CLANG_WARN_CONSTANT_CONVERSION = YES;
				CLANG_WARN_DEPRECATED_OBJC_IMPLEMENTATIONS = YES;
				CLANG_WARN_DIRECT_OBJC_ISA_USAGE = YES_ERROR;
				CLANG_WARN_DOCUMENTATION_COMMENTS = YES;
				CLANG_WARN_EMPTY_BODY = YES;
				CLANG_WARN_ENUM_CONVERSION = YES;
				CLANG_WARN_INFINITE_RECURSION = YES;
				CLANG_WARN_INT_CONVERSION = YES;
				CLANG_WARN_NON_LITERAL_NULL_CONVERSION = YES;
				CLANG_WARN_OBJC_IMPLICIT_RETAIN_SELF = YES;
				CLANG_WARN_OBJC_LITERAL_CONVERSION = YES;
				CLANG_WARN_OBJC_ROOT_CLASS = YES_ERROR;
				CLANG_WARN_QUOTED_INCLUDE_IN_FRAMEWORK_HEADER = YES;
				CLANG_WARN_RANGE_LOOP_ANALYSIS = YES;
				CLANG_WARN_STRICT_PROTOTYPES = YES;
				CLANG_WARN_SUSPICIOUS_MOVE = YES;
				CLANG_WARN_UNGUARDED_AVAILABILITY = YES_AGGRESSIVE;
				CLANG_WARN_UNREACHABLE_CODE = YES;
				CLANG_WARN__DUPLICATE_METHOD_MATCH = YES;
				COPY_PHASE_STRIP = NO;
				DEBUG_INFORMATION_FORMAT = "dwarf-with-dsym";
				ENABLE_NS_ASSERTIONS = NO;
				ENABLE_STRICT_OBJC_MSGSEND = YES;
				GCC_C_LANGUAGE_STANDARD = gnu11;
				GCC_NO_COMMON_BLOCKS = YES;
				GCC_WARN_64_TO_32_BIT_CONVERSION = YES;
				GCC_WARN_ABOUT_RETURN_TYPE = YES_ERROR;
				GCC_WARN_UNDECLARED_SELECTOR = YES;
				GCC_WARN_UNINITIALIZED_AUTOS = YES_AGGRESSIVE;
				GCC_WARN_UNUSED_FUNCTION = YES;
				GCC_WARN_UNUSED_VARIABLE = YES;
				IPHONEOS_DEPLOYMENT_TARGET = 26.0;
				MTL_ENABLE_DEBUG_INFO = NO;
				MTL_FAST_MATH = YES;
				PRODUCT_NAME = "$(TARGET_NAME)";
				SWIFT_COMPILATION_MODE = wholemodule;
				SWIFT_OPTIMIZATION_LEVEL = "-O";
				SWIFT_VERSION = 5.0;
				WATCHOS_DEPLOYMENT_TARGET = 26.0;
			};
			name = Release;
		};
		763F52E5DFC92C082EB2FA04 /* Debug */ = {
			isa = XCBuildConfiguration;
			buildSettings = {
				ASSETCATALOG_COMPILER_APPICON_NAME = AppIcon;
				CODE_SIGN_ENTITLEMENTS = WalkableWatch/WalkableWatch.entitlements;
				CODE_SIGN_STYLE = Automatic;
				DEVELOPMENT_TEAM = HYM2LV4SPQ;
				GENERATE_INFOPLIST_FILE = YES;
				INFOPLIST_KEY_CFBundleDisplayName = Walkable;
				INFOPLIST_KEY_NSHealthShareUsageDescription = "Walkable reads health data during walks.";
				INFOPLIST_KEY_NSHealthUpdateUsageDescription = "Walkable saves walking workouts to Apple Health.";
				INFOPLIST_KEY_NSLocationWhenInUseUsageDescription = "Walkable needs your location for walk navigation.";
				INFOPLIST_KEY_WKApplication = YES;
				INFOPLIST_KEY_WKCompanionAppBundleIdentifier = com.walkable.WalkableApp;
				PRODUCT_BUNDLE_IDENTIFIER = com.walkable.WalkableApp.watchkitapp;
				SDKROOT = watchos;
				SKIP_INSTALL = YES;
				TARGETED_DEVICE_FAMILY = 4;
			};
			name = Debug;
		};
		809B4EEC82F10E6762E74066 /* Release */ = {
			isa = XCBuildConfiguration;
			buildSettings = {
				BUNDLE_LOADER = "$(TEST_HOST)";
				GENERATE_INFOPLIST_FILE = YES;
				LD_RUNPATH_SEARCH_PATHS = (
					"$(inherited)",
					"@executable_path/Frameworks",
					"@loader_path/Frameworks",
				);
				PRODUCT_BUNDLE_IDENTIFIER = com.walkable.WalkableUITests;
				SDKROOT = iphoneos;
				TARGETED_DEVICE_FAMILY = "1,2";
				TEST_TARGET_NAME = WalkableApp;
			};
			name = Release;
		};
		96409CA3DD1CEDB720981B76 /* Debug */ = {
			isa = XCBuildConfiguration;
			buildSettings = {
				BUNDLE_LOADER = "$(TEST_HOST)";
				GENERATE_INFOPLIST_FILE = YES;
				LD_RUNPATH_SEARCH_PATHS = (
					"$(inherited)",
					"@executable_path/Frameworks",
					"@loader_path/Frameworks",
				);
				PRODUCT_BUNDLE_IDENTIFIER = com.walkable.WalkableUITests;
				SDKROOT = iphoneos;
				TARGETED_DEVICE_FAMILY = "1,2";
				TEST_TARGET_NAME = WalkableApp;
			};
			name = Debug;
		};
		C9E85D02F5B6AECED494646F /* Debug */ = {
			isa = XCBuildConfiguration;
			buildSettings = {
				ALWAYS_SEARCH_USER_PATHS = NO;
				CLANG_ANALYZER_NONNULL = YES;
				CLANG_ANALYZER_NUMBER_OBJECT_CONVERSION = YES_AGGRESSIVE;
				CLANG_CXX_LANGUAGE_STANDARD = "gnu++14";
				CLANG_CXX_LIBRARY = "libc++";
				CLANG_ENABLE_MODULES = YES;
				CLANG_ENABLE_OBJC_ARC = YES;
				CLANG_ENABLE_OBJC_WEAK = YES;
				CLANG_WARN_BLOCK_CAPTURE_AUTORELEASING = YES;
				CLANG_WARN_BOOL_CONVERSION = YES;
				CLANG_WARN_COMMA = YES;
				CLANG_WARN_CONSTANT_CONVERSION = YES;
				CLANG_WARN_DEPRECATED_OBJC_IMPLEMENTATIONS = YES;
				CLANG_WARN_DIRECT_OBJC_ISA_USAGE = YES_ERROR;
				CLANG_WARN_DOCUMENTATION_COMMENTS = YES;
				CLANG_WARN_EMPTY_BODY = YES;
				CLANG_WARN_ENUM_CONVERSION = YES;
				CLANG_WARN_INFINITE_RECURSION = YES;
				CLANG_WARN_INT_CONVERSION = YES;
				CLANG_WARN_NON_LITERAL_NULL_CONVERSION = YES;
				CLANG_WARN_OBJC_IMPLICIT_RETAIN_SELF = YES;
				CLANG_WARN_OBJC_LITERAL_CONVERSION = YES;
				CLANG_WARN_OBJC_ROOT_CLASS = YES_ERROR;
				CLANG_WARN_QUOTED_INCLUDE_IN_FRAMEWORK_HEADER = YES;
				CLANG_WARN_RANGE_LOOP_ANALYSIS = YES;
				CLANG_WARN_STRICT_PROTOTYPES = YES;
				CLANG_WARN_SUSPICIOUS_MOVE = YES;
				CLANG_WARN_UNGUARDED_AVAILABILITY = YES_AGGRESSIVE;
				CLANG_WARN_UNREACHABLE_CODE = YES;
				CLANG_WARN__DUPLICATE_METHOD_MATCH = YES;
				COPY_PHASE_STRIP = NO;
				DEBUG_INFORMATION_FORMAT = dwarf;
				ENABLE_STRICT_OBJC_MSGSEND = YES;
				ENABLE_TESTABILITY = YES;
				GCC_C_LANGUAGE_STANDARD = gnu11;
				GCC_DYNAMIC_NO_PIC = NO;
				GCC_NO_COMMON_BLOCKS = YES;
				GCC_OPTIMIZATION_LEVEL = 0;
				GCC_PREPROCESSOR_DEFINITIONS = (
					"$(inherited)",
					"DEBUG=1",
				);
				GCC_WARN_64_TO_32_BIT_CONVERSION = YES;
				GCC_WARN_ABOUT_RETURN_TYPE = YES_ERROR;
				GCC_WARN_UNDECLARED_SELECTOR = YES;
				GCC_WARN_UNINITIALIZED_AUTOS = YES_AGGRESSIVE;
				GCC_WARN_UNUSED_FUNCTION = YES;
				GCC_WARN_UNUSED_VARIABLE = YES;
				IPHONEOS_DEPLOYMENT_TARGET = 26.0;
				MTL_ENABLE_DEBUG_INFO = INCLUDE_SOURCE;
				MTL_FAST_MATH = YES;
				ONLY_ACTIVE_ARCH = YES;
				PRODUCT_NAME = "$(TARGET_NAME)";
				SWIFT_ACTIVE_COMPILATION_CONDITIONS = DEBUG;
				SWIFT_OPTIMIZATION_LEVEL = "-Onone";
				SWIFT_VERSION = 5.0;
				WATCHOS_DEPLOYMENT_TARGET = 26.0;
			};
			name = Debug;
		};
/* End XCBuildConfiguration section */

/* Begin XCConfigurationList section */
		279E1BD4BE4B9E93BD3830D2 /* Build configuration list for PBXProject "Walkable" */ = {
			isa = XCConfigurationList;
			buildConfigurations = (
				C9E85D02F5B6AECED494646F /* Debug */,
				5AC102F993F241AD57909000 /* Release */,
			);
			defaultConfigurationIsVisible = 0;
			defaultConfigurationName = Debug;
		};
		32BF782BC10488DC29820F31 /* Build configuration list for PBXNativeTarget "WalkableApp" */ = {
			isa = XCConfigurationList;
			buildConfigurations = (
				3646A8BC4605FF62D5AF4A1F /* Debug */,
				2FDAF855C60690129F3B6317 /* Release */,
			);
			defaultConfigurationIsVisible = 0;
			defaultConfigurationName = Debug;
		};
		794448A470FA52FEFDA49869 /* Build configuration list for PBXNativeTarget "WalkableTests" */ = {
			isa = XCConfigurationList;
			buildConfigurations = (
				23DC454AF6767E0A7B650431 /* Debug */,
				1E2B1D1F9D8534F03E217240 /* Release */,
			);
			defaultConfigurationIsVisible = 0;
			defaultConfigurationName = Debug;
		};
		BC10E81E2CE3A9AAB99BD6C3 /* Build configuration list for PBXNativeTarget "WalkableUITests" */ = {
			isa = XCConfigurationList;
			buildConfigurations = (
				96409CA3DD1CEDB720981B76 /* Debug */,
				809B4EEC82F10E6762E74066 /* Release */,
			);
			defaultConfigurationIsVisible = 0;
			defaultConfigurationName = Debug;
		};
		D86C45BC61E6F88C70A62728 /* Build configuration list for PBXNativeTarget "WalkableWidgets" */ = {
			isa = XCConfigurationList;
			buildConfigurations = (
				4DEA08195214BEE24DC1AEA6 /* Debug */,
				1859B57DFAF02D1EEE456FCD /* Release */,
			);
			defaultConfigurationIsVisible = 0;
			defaultConfigurationName = Debug;
		};
		FE8AE42BAE3A2C6424638F89 /* Build configuration list for PBXNativeTarget "WalkableWatch" */ = {
			isa = XCConfigurationList;
			buildConfigurations = (
				763F52E5DFC92C082EB2FA04 /* Debug */,
				083844BBD7B312E732E7EC2F /* Release */,
			);
			defaultConfigurationIsVisible = 0;
			defaultConfigurationName = Debug;
		};
/* End XCConfigurationList section */

/* Begin XCLocalSwiftPackageReference section */
		649061F9670AA419909483C4 /* XCLocalSwiftPackageReference "WalkableKit" */ = {
			isa = XCLocalSwiftPackageReference;
			relativePath = WalkableKit;
		};
/* End XCLocalSwiftPackageReference section */

/* Begin XCSwiftPackageProductDependency section */
		41BAECEC5FD1E464FD56214F /* WalkableKit */ = {
			isa = XCSwiftPackageProductDependency;
			productName = WalkableKit;
		};
		64DAB2236C6F897B31E25AAD /* WalkableKit */ = {
			isa = XCSwiftPackageProductDependency;
			productName = WalkableKit;
		};
		92EC3129040AA494D4682AD8 /* WalkableKit */ = {
			isa = XCSwiftPackageProductDependency;
			productName = WalkableKit;
		};
		FFB113B25AAE0C99856458A5 /* WalkableKit */ = {
			isa = XCSwiftPackageProductDependency;
			productName = WalkableKit;
		};
/* End XCSwiftPackageProductDependency section */
	};
	rootObject = D277DE1B71D7955078E83022 /* Project object */;
}
